<?xml version="1.0" encoding="utf-8"?>
<Project ToolsVersion="4.0" xmlns="http://schemas.microsoft.com/developer/msbuild/2003">
  <ItemGroup>
    <Filter Include="Source Files">
      <UniqueIdentifier>{4FC737F1-C7A5-4376-A066-2A32D752A2FF}</UniqueIdentifier>
      <Extensions>cpp;c;cc;cxx;c++;cppm;ixx;def;odl;idl;hpj;bat;asm;asmx</Extensions>
    </Filter>
    <Filter Include="Header Files">
      <UniqueIdentifier>{93995380-89BD-4b04-88EB-625FBE52EBFB}</UniqueIdentifier>
      <Extensions>h;hh;hpp;hxx;h++;hm;inl;inc;ipp;xsd</Extensions>
    </Filter>
    <Filter Include="Resource Files">
      <UniqueIdentifier>{67DA6AB6-F800-4c08-8B7A-83BB121AAD01}</UniqueIdentifier>
      <Extensions>rc;ico;cur;bmp;dlg;rc2;rct;bin;rgs;gif;jpg;jpeg;jpe;resx;tiff;tif;png;wav;mfcribbon-ms</Extensions>
    </Filter>
    <Filter Include="Header Files\Particles">
      <UniqueIdentifier>{da9c831e-5b2f-4dda-862c-2de4edc189d8}</UniqueIdentifier>
    </Filter>
    <Filter Include="Source Files\Particles">
      <UniqueIdentifier>{2d9e5c75-9e63-411d-87a5-1426c92fb7d0}</UniqueIdentifier>
    </Filter>
    <Filter Include="Header Files\Particles\States">
      <UniqueIdentifier>{c40f9f5c-fbe2-4e49-9b3e-4b887648d00a}</UniqueIdentifier>
    </Filter>
    <Filter Include="Header Files\Particles\Liquids">
      <UniqueIdentifier>{206e6e1e-5c31-4260-8112-ad4c2e20e827}</UniqueIdentifier>
    </Filter>
    <Filter Include="Header Files\Particles\Solids">
      <UniqueIdentifier>{b6e415d5-25ea-41c8-b7ec-7862219e1fd8}</UniqueIdentifier>
    </Filter>
    <Filter Include="Header Files\Particles\Gasses">
      <UniqueIdentifier>{811bd531-751f-402d-a9fe-c6a1061a13a1}</UniqueIdentifier>
    </Filter>
    <Filter Include="Header Files\Particles\Solids\Dynamic Solids">
      <UniqueIdentifier>{dd1bc93a-3e32-4866-9990-4c285b0ffba1}</UniqueIdentifier>
    </Filter>
    <Filter Include="Header Files\Particles\Solids\Static Solids">
      <UniqueIdentifier>{fa336a90-6383-4dd9-9ee4-397c32ca5639}</UniqueIdentifier>
    </Filter>
    <Filter Include="Source Files\Components">
      <UniqueIdentifier>{3f30e586-1554-4117-a3fd-727a1010204d}</UniqueIdentifier>
    </Filter>
    <Filter Include="Header Files\Components">
      <UniqueIdentifier>{e8792372-4be9-4263-8858-e02416074656}</UniqueIdentifier>
    </Filter>
    <Filter Include="Source Files\Particles\Solids">
      <UniqueIdentifier>{0b5c487d-8a7e-4495-839b-bbf5b101a3d7}</UniqueIdentifier>
    </Filter>
    <Filter Include="Source Files\Particles\Solids\Dynamic Solids">
      <UniqueIdentifier>{104d3b31-093b-4b7c-ad2f-5536c0a65761}</UniqueIdentifier>
    </Filter>
    <Filter Include="Source Files\Particles\Solids\Static Solids">
      <UniqueIdentifier>{97ec7c3d-b78b-4934-899f-9c49e6eab338}</UniqueIdentifier>
    </Filter>
    <Filter Include="Source Files\Particles\States">
      <UniqueIdentifier>{804db968-5b40-4005-aadf-580210a5dad6}</UniqueIdentifier>
    </Filter>
    <Filter Include="Source Files\Particles\Liquids">
      <UniqueIdentifier>{b4db7953-2ccd-47b7-9cca-12c7534a4b92}</UniqueIdentifier>
    </Filter>
    <Filter Include="Source Files\Particles\Gasses">
      <UniqueIdentifier>{d52e1e15-a746-4de1-98db-37183aea3d9f}</UniqueIdentifier>
    </Filter>
    <Filter Include="Header Files\Particles\Base">
      <UniqueIdentifier>{abc0a145-8f05-440f-b04d-33dd2cc1fa31}</UniqueIdentifier>
    </Filter>
  </ItemGroup>
  <ItemGroup>
    <ClCompile Include="OLD.cpp">
      <Filter>Source Files</Filter>
    </ClCompile>
    <ClCompile Include="Game.cpp">
      <Filter>Source Files\Components</Filter>
    </ClCompile>
    <ClCompile Include="main.cpp">
      <Filter>Source Files\Components</Filter>
    </ClCompile>
    <ClCompile Include="Utils.cpp">
      <Filter>Source Files\Components</Filter>
    </ClCompile>
    <ClCompile Include="World.cpp">
      <Filter>Source Files\Components</Filter>
    </ClCompile>
    <ClCompile Include="SandElement.cpp">
      <Filter>Source Files\Particles\Solids\Dynamic Solids</Filter>
    </ClCompile>
    <ClCompile Include="DirtElement.cpp">
      <Filter>Source Files\Particles\Solids\Static Solids</Filter>
    </ClCompile>
    <ClCompile Include="GrassElement.cpp">
      <Filter>Source Files\Particles\Solids\Static Solids</Filter>
    </ClCompile>
    <ClCompile Include="DynamicSolid.cpp">
      <Filter>Source Files\Particles\States</Filter>
    </ClCompile>
    <ClCompile Include="StaticSolid.cpp">
      <Filter>Source Files\Particles\States</Filter>
    </ClCompile>
    <ClCompile Include="Gas.cpp">
      <Filter>Source Files\Particles\States</Filter>
    </ClCompile>
    <ClCompile Include="Liquid.cpp">
      <Filter>Source Files\Particles\States</Filter>
    </ClCompile>
    <ClCompile Include="WaterElement.cpp">
      <Filter>Source Files\Particles\Liquids</Filter>
    </ClCompile>
  </ItemGroup>
  <ItemGroup>
    <ClInclude Include="Gas.h">
      <Filter>Header Files\Particles\States</Filter>
    </ClInclude>
    <ClInclude Include="Liquid.h">
      <Filter>Header Files\Particles\States</Filter>
    </ClInclude>
    <ClInclude Include="Solid.h">
      <Filter>Header Files\Particles\States</Filter>
    </ClInclude>
    <ClInclude Include="SandElement.h">
      <Filter>Header Files\Particles\Solids\Dynamic Solids</Filter>
    </ClInclude>
    <ClInclude Include="DirtElement.h">
      <Filter>Header Files\Particles\Solids\Static Solids</Filter>
    </ClInclude>
    <ClInclude Include="GrassElement.h">
      <Filter>Header Files\Particles\Solids\Static Solids</Filter>
    </ClInclude>
    <ClInclude Include="WaterElement.h">
      <Filter>Header Files\Particles\Liquids</Filter>
    </ClInclude>
    <ClInclude Include="World.h">
      <Filter>Header Files\Components</Filter>
    </ClInclude>
    <ClInclude Include="Game.h">
      <Filter>Header Files\Components</Filter>
    </ClInclude>
    <ClInclude Include="Utils.h">
      <Filter>Header Files\Components</Filter>
    </ClInclude>
    <ClInclude Include="StaticSolid.h">
      <Filter>Header Files\Particles\States</Filter>
    </ClInclude>
    <ClInclude Include="DynamicSolid.h">
      <Filter>Header Files\Particles\States</Filter>
    </ClInclude>
    <ClInclude Include="Element.h">
      <Filter>Header Files\Particles\Base</Filter>
    </ClInclude>
    <ClInclude Include="Particle.h">
      <Filter>Header Files\Particles\Base</Filter>
    </ClInclude>
  </ItemGroup>
</Project>